{
  "name": "startgg-helper-browser",
  "version": "1.0.2",
  "lockfileVersion": 3,
  "requires": true,
  "packages": {
    "": {
      "name": "startgg-helper-browser",
      "version": "1.0.2",
      "license": "ISC",
      "dependencies": {
        "startgg-helper": "^1.0.2"
      }
    },
    "node_modules/startgg-helper": {
      "version": "1.0.3",
      "resolved": "https://registry.npmjs.org/startgg-helper/-/startgg-helper-1.0.3.tgz",
      "integrity": "sha512-OjHkvMnrD+z8LJ5WyYP/lc+/WEXYUHz9DxlS/Uquc4ZrZaV46FVETy1OTiRZG9QtVv6yIXYHlVthUY8L/sDZhQ=="
    }
  }
}
