{
  "name": "startgg-helper-browser",
  "version": "1.0.0",
  "lockfileVersion": 3,
  "requires": true,
  "packages": {
    "": {
      "name": "startgg-helper-browser",
      "version": "1.0.0",
      "license": "ISC",
      "dependencies": {
        "startgg-helper": "^1.0.2"
      }
    },
    "node_modules/startgg-helper": {
      "version": "1.0.2",
      "resolved": "https://registry.npmjs.org/startgg-helper/-/startgg-helper-1.0.2.tgz",
      "integrity": "sha512-pSCN7qcuqvVJtZqoerX/IqBD56JHwi7hxLujGfgsuhoJI+3J6pMCIHaIDdblf/kfeUtPzpoH2846PHItA3l2XQ=="
    }
  }
}
